// !$*UTF8*$!
{
	archiveVersion = 1;
	classes = {
	};
	objectVersion = 50;
	objects = {

/* Begin PBXBuildFile section */
		3101B86F24AD9198005D6BC1 /* MultiDetailViewController.m in Sources */ = {isa = PBXBuildFile; fileRef = 3101B86E24AD9198005D6BC1 /* MultiDetailViewController.m */; };
		3101B87224ADB2AD005D6BC1 /* MusicView.m in Sources */ = {isa = PBXBuildFile; fileRef = 3101B87124ADB2AD005D6BC1 /* MusicView.m */; };
		3113CB6524A1B39C00286200 /* DownBigFileViewController.m in Sources */ = {isa = PBXBuildFile; fileRef = 3113CB6324A1B39C00286200 /* DownBigFileViewController.m */; };
		3113CB6624A1B39C00286200 /* DownBigFileViewController.xib in Resources */ = {isa = PBXBuildFile; fileRef = 3113CB6424A1B39C00286200 /* DownBigFileViewController.xib */; };
		3144FE5424A05CA400DDA87F /* RunLoopViewController.m in Sources */ = {isa = PBXBuildFile; fileRef = 3144FE5224A05CA400DDA87F /* RunLoopViewController.m */; };
		3144FE5524A05CA400DDA87F /* RunLoopViewController.xib in Resources */ = {isa = PBXBuildFile; fileRef = 3144FE5324A05CA400DDA87F /* RunLoopViewController.xib */; };
		3144FE5924A09B3B00DDA87F /* NSURLSessionViewController.m in Sources */ = {isa = PBXBuildFile; fileRef = 3144FE5724A09B3B00DDA87F /* NSURLSessionViewController.m */; };
		3144FE5A24A09B3B00DDA87F /* NSURLSessionViewController.xib in Resources */ = {isa = PBXBuildFile; fileRef = 3144FE5824A09B3B00DDA87F /* NSURLSessionViewController.xib */; };
		3144FE5C24A0EB5C00DDA87F /* school.json in Resources */ = {isa = PBXBuildFile; fileRef = 3144FE5B24A0EB5C00DDA87F /* school.json */; };
		3144FE5F24A0F81600DDA87F /* SchoolModel.m in Sources */ = {isa = PBXBuildFile; fileRef = 3144FE5E24A0F81600DDA87F /* SchoolModel.m */; };
		3144FE6124A1242500DDA87F /* school.xml in Resources */ = {isa = PBXBuildFile; fileRef = 3144FE6024A1242500DDA87F /* school.xml */; };
		314A02892497263900B0C397 /* GraffitiBoardViewController.m in Sources */ = {isa = PBXBuildFile; fileRef = 314A02872497263900B0C397 /* GraffitiBoardViewController.m */; };
		314A028A2497263900B0C397 /* GraffitiBoardViewController.xib in Resources */ = {isa = PBXBuildFile; fileRef = 314A02882497263900B0C397 /* GraffitiBoardViewController.xib */; };
		314A028D2497269700B0C397 /* GraffitiBoardView.m in Sources */ = {isa = PBXBuildFile; fileRef = 314A028C2497269700B0C397 /* GraffitiBoardView.m */; };
		314A02912497C15600B0C397 /* SetRoundCornerImageWithShadowViewController.m in Sources */ = {isa = PBXBuildFile; fileRef = 314A028F2497C15600B0C397 /* SetRoundCornerImageWithShadowViewController.m */; };
		314A02922497C15600B0C397 /* SetRoundCornerImageWithShadowViewController.xib in Resources */ = {isa = PBXBuildFile; fileRef = 314A02902497C15600B0C397 /* SetRoundCornerImageWithShadowViewController.xib */; };
		314DCC0B24AB1B9E009AE220 /* liuyife_00009.mp4 in Resources */ = {isa = PBXBuildFile; fileRef = 314DCBFF24AB1B9E009AE220 /* liuyife_00009.mp4 */; };
		314DCC0C24AB1B9E009AE220 /* liuyife_00008.mp4 in Resources */ = {isa = PBXBuildFile; fileRef = 314DCC0024AB1B9E009AE220 /* liuyife_00008.mp4 */; };
		314DCC0D24AB1B9E009AE220 /* liuyife_00012.mp4 in Resources */ = {isa = PBXBuildFile; fileRef = 314DCC0124AB1B9E009AE220 /* liuyife_00012.mp4 */; };
		314DCC0E24AB1B9E009AE220 /* liuyife_00011.mp4 in Resources */ = {isa = PBXBuildFile; fileRef = 314DCC0224AB1B9E009AE220 /* liuyife_00011.mp4 */; };
		314DCC0F24AB1B9E009AE220 /* liuyife_00005.mp4 in Resources */ = {isa = PBXBuildFile; fileRef = 314DCC0324AB1B9E009AE220 /* liuyife_00005.mp4 */; };
		314DCC1024AB1B9E009AE220 /* liuyife_00004.mp4 in Resources */ = {isa = PBXBuildFile; fileRef = 314DCC0424AB1B9E009AE220 /* liuyife_00004.mp4 */; };
		314DCC1124AB1B9E009AE220 /* liuyife_00010.mp4 in Resources */ = {isa = PBXBuildFile; fileRef = 314DCC0524AB1B9E009AE220 /* liuyife_00010.mp4 */; };
		314DCC1224AB1B9E009AE220 /* liuyife_00006.mp4 in Resources */ = {isa = PBXBuildFile; fileRef = 314DCC0624AB1B9E009AE220 /* liuyife_00006.mp4 */; };
		314DCC1324AB1B9E009AE220 /* liuyife_00007.mp4 in Resources */ = {isa = PBXBuildFile; fileRef = 314DCC0724AB1B9E009AE220 /* liuyife_00007.mp4 */; };
		314DCC1424AB1B9E009AE220 /* liuyife_00003.mp4 in Resources */ = {isa = PBXBuildFile; fileRef = 314DCC0824AB1B9E009AE220 /* liuyife_00003.mp4 */; };
		314DCC1524AB1B9E009AE220 /* liuyife_00002.mp4 in Resources */ = {isa = PBXBuildFile; fileRef = 314DCC0924AB1B9E009AE220 /* liuyife_00002.mp4 */; };
		314DCC1624AB1B9E009AE220 /* liuyife_00001.mp4 in Resources */ = {isa = PBXBuildFile; fileRef = 314DCC0A24AB1B9E009AE220 /* liuyife_00001.mp4 */; };
		3150E90724A8A26600099AD1 /* SmallVideoViewController.m in Sources */ = {isa = PBXBuildFile; fileRef = 3150E90524A8A26600099AD1 /* SmallVideoViewController.m */; };
		3150E90824A8A26600099AD1 /* SmallVideoViewController.xib in Resources */ = {isa = PBXBuildFile; fileRef = 3150E90624A8A26600099AD1 /* SmallVideoViewController.xib */; };
		3150E90B24A8C75F00099AD1 /* VideoView.m in Sources */ = {isa = PBXBuildFile; fileRef = 3150E90A24A8C75F00099AD1 /* VideoView.m */; };
		3150E91224A8C8C300099AD1 /* VideoCell.m in Sources */ = {isa = PBXBuildFile; fileRef = 3150E91024A8C8C300099AD1 /* VideoCell.m */; };
		3150E91324A8C8C300099AD1 /* VideoCell.xib in Resources */ = {isa = PBXBuildFile; fileRef = 3150E91124A8C8C300099AD1 /* VideoCell.xib */; };
		3150E92624A8F67200099AD1 /* HomeViewController.m in Sources */ = {isa = PBXBuildFile; fileRef = 3150E92524A8F67200099AD1 /* HomeViewController.m */; };
		3150E92C24A8F6A800099AD1 /* SameCityViewController.m in Sources */ = {isa = PBXBuildFile; fileRef = 3150E92B24A8F6A800099AD1 /* SameCityViewController.m */; };
		3150E92F24A8F6BA00099AD1 /* MineViewController.m in Sources */ = {isa = PBXBuildFile; fileRef = 3150E92E24A8F6BA00099AD1 /* MineViewController.m */; };
		3150E93224A8FA2200099AD1 /* JieTabBarController.m in Sources */ = {isa = PBXBuildFile; fileRef = 3150E93124A8FA2200099AD1 /* JieTabBarController.m */; };
		3150E93824A8FDA700099AD1 /* NotesViewController.m in Sources */ = {isa = PBXBuildFile; fileRef = 3150E93624A8FDA700099AD1 /* NotesViewController.m */; };
		3150E93924A8FDA700099AD1 /* NotesViewController.xib in Resources */ = {isa = PBXBuildFile; fileRef = 3150E93724A8FDA700099AD1 /* NotesViewController.xib */; };
		3150F712249B625600C1B624 /* RedrawViewController.m in Sources */ = {isa = PBXBuildFile; fileRef = 3150F710249B625600C1B624 /* RedrawViewController.m */; };
		3150F713249B625600C1B624 /* RedrawViewController.xib in Resources */ = {isa = PBXBuildFile; fileRef = 3150F711249B625600C1B624 /* RedrawViewController.xib */; };
		3150F716249B62DE00C1B624 /* RedrawView.m in Sources */ = {isa = PBXBuildFile; fileRef = 3150F715249B62DE00C1B624 /* RedrawView.m */; };
		3150F719249BBF7000C1B624 /* GradientViewController.m in Sources */ = {isa = PBXBuildFile; fileRef = 3150F718249BBF7000C1B624 /* GradientViewController.m */; };
		3150F71E249BD87D00C1B624 /* MultiViewController.m in Sources */ = {isa = PBXBuildFile; fileRef = 3150F71C249BD87D00C1B624 /* MultiViewController.m */; };
		3174E2062498857200C71CA9 /* ClockViewController.m in Sources */ = {isa = PBXBuildFile; fileRef = 3174E2042498857200C71CA9 /* ClockViewController.m */; };
		3174E2072498857200C71CA9 /* ClockViewController.xib in Resources */ = {isa = PBXBuildFile; fileRef = 3174E2052498857200C71CA9 /* ClockViewController.xib */; };
		319760562494BECE0030E29E /* MyFileViewController.m in Sources */ = {isa = PBXBuildFile; fileRef = 319760552494BECE0030E29E /* MyFileViewController.m */; };
		319760592494C8EB0030E29E /* MyGirlViewController.m in Sources */ = {isa = PBXBuildFile; fileRef = 319760582494C8EB0030E29E /* MyGirlViewController.m */; };
		3197605F2494CD5A0030E29E /* MyProgressViewController.m in Sources */ = {isa = PBXBuildFile; fileRef = 3197605D2494CD5A0030E29E /* MyProgressViewController.m */; };
		319760602494CD5A0030E29E /* MyProgressViewController.xib in Resources */ = {isa = PBXBuildFile; fileRef = 3197605E2494CD5A0030E29E /* MyProgressViewController.xib */; };
		319760632494CD730030E29E /* MyProgressView.m in Sources */ = {isa = PBXBuildFile; fileRef = 319760622494CD730030E29E /* MyProgressView.m */; };
		31C5D5DD249C684C009B5ECE /* ThreadViewController.m in Sources */ = {isa = PBXBuildFile; fileRef = 31C5D5DB249C684C009B5ECE /* ThreadViewController.m */; };
		31C5D5DE249C684C009B5ECE /* ThreadViewController.xib in Resources */ = {isa = PBXBuildFile; fileRef = 31C5D5DC249C684C009B5ECE /* ThreadViewController.xib */; };
		31EBDA932494728F00EECBCE /* AppDelegate.m in Sources */ = {isa = PBXBuildFile; fileRef = 31EBDA922494728F00EECBCE /* AppDelegate.m */; };
		31EBDA962494728F00EECBCE /* SceneDelegate.m in Sources */ = {isa = PBXBuildFile; fileRef = 31EBDA952494728F00EECBCE /* SceneDelegate.m */; };
		31EBDA9C2494728F00EECBCE /* Main.storyboard in Resources */ = {isa = PBXBuildFile; fileRef = 31EBDA9A2494728F00EECBCE /* Main.storyboard */; };
		31EBDA9E2494729000EECBCE /* Assets.xcassets in Resources */ = {isa = PBXBuildFile; fileRef = 31EBDA9D2494729000EECBCE /* Assets.xcassets */; };
		31EBDAA12494729000EECBCE /* LaunchScreen.storyboard in Resources */ = {isa = PBXBuildFile; fileRef = 31EBDA9F2494729000EECBCE /* LaunchScreen.storyboard */; };
		31EBDAA42494729000EECBCE /* main.m in Sources */ = {isa = PBXBuildFile; fileRef = 31EBDAA32494729000EECBCE /* main.m */; };
		31EBDAAD24947A2800EECBCE /* DrawerViewController.m in Sources */ = {isa = PBXBuildFile; fileRef = 31EBDAAC24947A2800EECBCE /* DrawerViewController.m */; };
		31EBDAB42494AAEA00EECBCE /* SettingViewController.m in Sources */ = {isa = PBXBuildFile; fileRef = 31EBDAB22494AAEA00EECBCE /* SettingViewController.m */; };
		31EBDAB52494AAEA00EECBCE /* SettingViewController.xib in Resources */ = {isa = PBXBuildFile; fileRef = 31EBDAB32494AAEA00EECBCE /* SettingViewController.xib */; };
		31EE10D424A369D200E15D94 /* NSDictionary+Log.m in Sources */ = {isa = PBXBuildFile; fileRef = 31EE10D324A369D200E15D94 /* NSDictionary+Log.m */; };
		31EE10D724A36A2000E15D94 /* NSArray+Log.m in Sources */ = {isa = PBXBuildFile; fileRef = 31EE10D624A36A2000E15D94 /* NSArray+Log.m */; };
		31F2F38C24A989A900C1872A /* VideoPlayerManager.m in Sources */ = {isa = PBXBuildFile; fileRef = 31F2F38B24A989A900C1872A /* VideoPlayerManager.m */; };
		31F2F38F24A9914F00C1872A /* VideoModel.m in Sources */ = {isa = PBXBuildFile; fileRef = 31F2F38E24A9914F00C1872A /* VideoModel.m */; };
		31F2F39124A9971C00C1872A /* videos.json in Resources */ = {isa = PBXBuildFile; fileRef = 31F2F39024A9971C00C1872A /* videos.json */; };
		31F897D024A478420089DBA5 /* NSString+extension.m in Sources */ = {isa = PBXBuildFile; fileRef = 31F897CF24A478420089DBA5 /* NSString+extension.m */; };
		31FFC2522495E1920098D769 /* RoundImageViewController.m in Sources */ = {isa = PBXBuildFile; fileRef = 31FFC2502495E1920098D769 /* RoundImageViewController.m */; };
		31FFC2532495E1920098D769 /* RoundImageViewController.xib in Resources */ = {isa = PBXBuildFile; fileRef = 31FFC2512495E1920098D769 /* RoundImageViewController.xib */; };
		31FFC25D249647020098D769 /* SelfDefineImageClipViewController.m in Sources */ = {isa = PBXBuildFile; fileRef = 31FFC25A249647020098D769 /* SelfDefineImageClipViewController.m */; };
		31FFC25E249647020098D769 /* SelfDefineImageClipViewController.xib in Resources */ = {isa = PBXBuildFile; fileRef = 31FFC25C249647020098D769 /* SelfDefineImageClipViewController.xib */; };
/* End PBXBuildFile section */

/* Begin PBXFileReference section */
		3101B86D24AD9198005D6BC1 /* MultiDetailViewController.h */ = {isa = PBXFileReference; lastKnownFileType = sourcecode.c.h; path = MultiDetailViewController.h; sourceTree = "<group>"; };
		3101B86E24AD9198005D6BC1 /* MultiDetailViewController.m */ = {isa = PBXFileReference; lastKnownFileType = sourcecode.c.objc; path = MultiDetailViewController.m; sourceTree = "<group>"; };
		3101B87024ADB2AD005D6BC1 /* MusicView.h */ = {isa = PBXFileReference; lastKnownFileType = sourcecode.c.h; path = MusicView.h; sourceTree = "<group>"; };
		3101B87124ADB2AD005D6BC1 /* MusicView.m */ = {isa = PBXFileReference; lastKnownFileType = sourcecode.c.objc; path = MusicView.m; sourceTree = "<group>"; };
		3113CB6224A1B39C00286200 /* DownBigFileViewController.h */ = {isa = PBXFileReference; lastKnownFileType = sourcecode.c.h; path = DownBigFileViewController.h; sourceTree = "<group>"; };
		3113CB6324A1B39C00286200 /* DownBigFileViewController.m */ = {isa = PBXFileReference; lastKnownFileType = sourcecode.c.objc; path = DownBigFileViewController.m; sourceTree = "<group>"; };
		3113CB6424A1B39C00286200 /* DownBigFileViewController.xib */ = {isa = PBXFileReference; lastKnownFileType = file.xib; path = DownBigFileViewController.xib; sourceTree = "<group>"; };
		3144FE5124A05CA400DDA87F /* RunLoopViewController.h */ = {isa = PBXFileReference; lastKnownFileType = sourcecode.c.h; path = RunLoopViewController.h; sourceTree = "<group>"; };
		3144FE5224A05CA400DDA87F /* RunLoopViewController.m */ = {isa = PBXFileReference; lastKnownFileType = sourcecode.c.objc; path = RunLoopViewController.m; sourceTree = "<group>"; };
		3144FE5324A05CA400DDA87F /* RunLoopViewController.xib */ = {isa = PBXFileReference; lastKnownFileType = file.xib; path = RunLoopViewController.xib; sourceTree = "<group>"; };
		3144FE5624A09B3B00DDA87F /* NSURLSessionViewController.h */ = {isa = PBXFileReference; lastKnownFileType = sourcecode.c.h; path = NSURLSessionViewController.h; sourceTree = "<group>"; };
		3144FE5724A09B3B00DDA87F /* NSURLSessionViewController.m */ = {isa = PBXFileReference; lastKnownFileType = sourcecode.c.objc; path = NSURLSessionViewController.m; sourceTree = "<group>"; };
		3144FE5824A09B3B00DDA87F /* NSURLSessionViewController.xib */ = {isa = PBXFileReference; lastKnownFileType = file.xib; path = NSURLSessionViewController.xib; sourceTree = "<group>"; };
		3144FE5B24A0EB5C00DDA87F /* school.json */ = {isa = PBXFileReference; fileEncoding = 4; lastKnownFileType = text.json; path = school.json; sourceTree = "<group>"; };
		3144FE5D24A0F81600DDA87F /* SchoolModel.h */ = {isa = PBXFileReference; lastKnownFileType = sourcecode.c.h; path = SchoolModel.h; sourceTree = "<group>"; };
		3144FE5E24A0F81600DDA87F /* SchoolModel.m */ = {isa = PBXFileReference; lastKnownFileType = sourcecode.c.objc; path = SchoolModel.m; sourceTree = "<group>"; };
		3144FE6024A1242500DDA87F /* school.xml */ = {isa = PBXFileReference; fileEncoding = 4; lastKnownFileType = text.xml; path = school.xml; sourceTree = "<group>"; };
		314A02862497263900B0C397 /* GraffitiBoardViewController.h */ = {isa = PBXFileReference; lastKnownFileType = sourcecode.c.h; path = GraffitiBoardViewController.h; sourceTree = "<group>"; };
		314A02872497263900B0C397 /* GraffitiBoardViewController.m */ = {isa = PBXFileReference; lastKnownFileType = sourcecode.c.objc; path = GraffitiBoardViewController.m; sourceTree = "<group>"; };
		314A02882497263900B0C397 /* GraffitiBoardViewController.xib */ = {isa = PBXFileReference; lastKnownFileType = file.xib; path = GraffitiBoardViewController.xib; sourceTree = "<group>"; };
		314A028B2497269700B0C397 /* GraffitiBoardView.h */ = {isa = PBXFileReference; lastKnownFileType = sourcecode.c.h; path = GraffitiBoardView.h; sourceTree = "<group>"; };
		314A028C2497269700B0C397 /* GraffitiBoardView.m */ = {isa = PBXFileReference; lastKnownFileType = sourcecode.c.objc; path = GraffitiBoardView.m; sourceTree = "<group>"; };
		314A028E2497C15600B0C397 /* SetRoundCornerImageWithShadowViewController.h */ = {isa = PBXFileReference; lastKnownFileType = sourcecode.c.h; path = SetRoundCornerImageWithShadowViewController.h; sourceTree = "<group>"; };
		314A028F2497C15600B0C397 /* SetRoundCornerImageWithShadowViewController.m */ = {isa = PBXFileReference; lastKnownFileType = sourcecode.c.objc; path = SetRoundCornerImageWithShadowViewController.m; sourceTree = "<group>"; };
		314A02902497C15600B0C397 /* SetRoundCornerImageWithShadowViewController.xib */ = {isa = PBXFileReference; lastKnownFileType = file.xib; path = SetRoundCornerImageWithShadowViewController.xib; sourceTree = "<group>"; };
		314DCBFF24AB1B9E009AE220 /* liuyife_00009.mp4 */ = {isa = PBXFileReference; lastKnownFileType = file; path = liuyife_00009.mp4; sourceTree = "<group>"; };
		314DCC0024AB1B9E009AE220 /* liuyife_00008.mp4 */ = {isa = PBXFileReference; lastKnownFileType = file; path = liuyife_00008.mp4; sourceTree = "<group>"; };
		314DCC0124AB1B9E009AE220 /* liuyife_00012.mp4 */ = {isa = PBXFileReference; lastKnownFileType = file; path = liuyife_00012.mp4; sourceTree = "<group>"; };
		314DCC0224AB1B9E009AE220 /* liuyife_00011.mp4 */ = {isa = PBXFileReference; lastKnownFileType = file; path = liuyife_00011.mp4; sourceTree = "<group>"; };
		314DCC0324AB1B9E009AE220 /* liuyife_00005.mp4 */ = {isa = PBXFileReference; lastKnownFileType = file; path = liuyife_00005.mp4; sourceTree = "<group>"; };
		314DCC0424AB1B9E009AE220 /* liuyife_00004.mp4 */ = {isa = PBXFileReference; lastKnownFileType = file; path = liuyife_00004.mp4; sourceTree = "<group>"; };
		314DCC0524AB1B9E009AE220 /* liuyife_00010.mp4 */ = {isa = PBXFileReference; lastKnownFileType = file; path = liuyife_00010.mp4; sourceTree = "<group>"; };
		314DCC0624AB1B9E009AE220 /* liuyife_00006.mp4 */ = {isa = PBXFileReference; lastKnownFileType = file; path = liuyife_00006.mp4; sourceTree = "<group>"; };
		314DCC0724AB1B9E009AE220 /* liuyife_00007.mp4 */ = {isa = PBXFileReference; lastKnownFileType = file; path = liuyife_00007.mp4; sourceTree = "<group>"; };
		314DCC0824AB1B9E009AE220 /* liuyife_00003.mp4 */ = {isa = PBXFileReference; lastKnownFileType = file; path = liuyife_00003.mp4; sourceTree = "<group>"; };
		314DCC0924AB1B9E009AE220 /* liuyife_00002.mp4 */ = {isa = PBXFileReference; lastKnownFileType = file; path = liuyife_00002.mp4; sourceTree = "<group>"; };
		314DCC0A24AB1B9E009AE220 /* liuyife_00001.mp4 */ = {isa = PBXFileReference; lastKnownFileType = file; path = liuyife_00001.mp4; sourceTree = "<group>"; };
		3150E90424A8A26600099AD1 /* SmallVideoViewController.h */ = {isa = PBXFileReference; lastKnownFileType = sourcecode.c.h; path = SmallVideoViewController.h; sourceTree = "<group>"; };
		3150E90524A8A26600099AD1 /* SmallVideoViewController.m */ = {isa = PBXFileReference; lastKnownFileType = sourcecode.c.objc; path = SmallVideoViewController.m; sourceTree = "<group>"; };
		3150E90624A8A26600099AD1 /* SmallVideoViewController.xib */ = {isa = PBXFileReference; lastKnownFileType = file.xib; path = SmallVideoViewController.xib; sourceTree = "<group>"; };
		3150E90924A8C75F00099AD1 /* VideoView.h */ = {isa = PBXFileReference; lastKnownFileType = sourcecode.c.h; path = VideoView.h; sourceTree = "<group>"; };
		3150E90A24A8C75F00099AD1 /* VideoView.m */ = {isa = PBXFileReference; lastKnownFileType = sourcecode.c.objc; path = VideoView.m; sourceTree = "<group>"; };
		3150E90F24A8C8C300099AD1 /* VideoCell.h */ = {isa = PBXFileReference; lastKnownFileType = sourcecode.c.h; path = VideoCell.h; sourceTree = "<group>"; };
		3150E91024A8C8C300099AD1 /* VideoCell.m */ = {isa = PBXFileReference; lastKnownFileType = sourcecode.c.objc; path = VideoCell.m; sourceTree = "<group>"; };
		3150E91124A8C8C300099AD1 /* VideoCell.xib */ = {isa = PBXFileReference; lastKnownFileType = file.xib; path = VideoCell.xib; sourceTree = "<group>"; };
		3150E92424A8F67200099AD1 /* HomeViewController.h */ = {isa = PBXFileReference; lastKnownFileType = sourcecode.c.h; path = HomeViewController.h; sourceTree = "<group>"; };
		3150E92524A8F67200099AD1 /* HomeViewController.m */ = {isa = PBXFileReference; lastKnownFileType = sourcecode.c.objc; path = HomeViewController.m; sourceTree = "<group>"; };
		3150E92A24A8F6A800099AD1 /* SameCityViewController.h */ = {isa = PBXFileReference; lastKnownFileType = sourcecode.c.h; path = SameCityViewController.h; sourceTree = "<group>"; };
		3150E92B24A8F6A800099AD1 /* SameCityViewController.m */ = {isa = PBXFileReference; lastKnownFileType = sourcecode.c.objc; path = SameCityViewController.m; sourceTree = "<group>"; };
		3150E92D24A8F6BA00099AD1 /* MineViewController.h */ = {isa = PBXFileReference; lastKnownFileType = sourcecode.c.h; path = MineViewController.h; sourceTree = "<group>"; };
		3150E92E24A8F6BA00099AD1 /* MineViewController.m */ = {isa = PBXFileReference; lastKnownFileType = sourcecode.c.objc; path = MineViewController.m; sourceTree = "<group>"; };
		3150E93024A8FA2200099AD1 /* JieTabBarController.h */ = {isa = PBXFileReference; lastKnownFileType = sourcecode.c.h; path = JieTabBarController.h; sourceTree = "<group>"; };
		3150E93124A8FA2200099AD1 /* JieTabBarController.m */ = {isa = PBXFileReference; lastKnownFileType = sourcecode.c.objc; path = JieTabBarController.m; sourceTree = "<group>"; };
		3150E93524A8FDA700099AD1 /* NotesViewController.h */ = {isa = PBXFileReference; lastKnownFileType = sourcecode.c.h; path = NotesViewController.h; sourceTree = "<group>"; };
		3150E93624A8FDA700099AD1 /* NotesViewController.m */ = {isa = PBXFileReference; lastKnownFileType = sourcecode.c.objc; path = NotesViewController.m; sourceTree = "<group>"; };
		3150E93724A8FDA700099AD1 /* NotesViewController.xib */ = {isa = PBXFileReference; lastKnownFileType = file.xib; path = NotesViewController.xib; sourceTree = "<group>"; };
		3150F70F249B625600C1B624 /* RedrawViewController.h */ = {isa = PBXFileReference; lastKnownFileType = sourcecode.c.h; path = RedrawViewController.h; sourceTree = "<group>"; };
		3150F710249B625600C1B624 /* RedrawViewController.m */ = {isa = PBXFileReference; lastKnownFileType = sourcecode.c.objc; path = RedrawViewController.m; sourceTree = "<group>"; };
		3150F711249B625600C1B624 /* RedrawViewController.xib */ = {isa = PBXFileReference; lastKnownFileType = file.xib; path = RedrawViewController.xib; sourceTree = "<group>"; };
		3150F714249B62DE00C1B624 /* RedrawView.h */ = {isa = PBXFileReference; lastKnownFileType = sourcecode.c.h; path = RedrawView.h; sourceTree = "<group>"; };
		3150F715249B62DE00C1B624 /* RedrawView.m */ = {isa = PBXFileReference; lastKnownFileType = sourcecode.c.objc; path = RedrawView.m; sourceTree = "<group>"; };
		3150F717249BBF7000C1B624 /* GradientViewController.h */ = {isa = PBXFileReference; lastKnownFileType = sourcecode.c.h; path = GradientViewController.h; sourceTree = "<group>"; };
		3150F718249BBF7000C1B624 /* GradientViewController.m */ = {isa = PBXFileReference; lastKnownFileType = sourcecode.c.objc; path = GradientViewController.m; sourceTree = "<group>"; };
		3150F71B249BD87D00C1B624 /* MultiViewController.h */ = {isa = PBXFileReference; lastKnownFileType = sourcecode.c.h; path = MultiViewController.h; sourceTree = "<group>"; };
		3150F71C249BD87D00C1B624 /* MultiViewController.m */ = {isa = PBXFileReference; lastKnownFileType = sourcecode.c.objc; path = MultiViewController.m; sourceTree = "<group>"; };
		3150F720249BDDD400C1B624 /* Complex.pch */ = {isa = PBXFileReference; lastKnownFileType = sourcecode.c.h; path = Complex.pch; sourceTree = "<group>"; };
		3174E2032498857200C71CA9 /* ClockViewController.h */ = {isa = PBXFileReference; lastKnownFileType = sourcecode.c.h; path = ClockViewController.h; sourceTree = "<group>"; };
		3174E2042498857200C71CA9 /* ClockViewController.m */ = {isa = PBXFileReference; lastKnownFileType = sourcecode.c.objc; path = ClockViewController.m; sourceTree = "<group>"; };
		3174E2052498857200C71CA9 /* ClockViewController.xib */ = {isa = PBXFileReference; lastKnownFileType = file.xib; path = ClockViewController.xib; sourceTree = "<group>"; };
		319760542494BECE0030E29E /* MyFileViewController.h */ = {isa = PBXFileReference; lastKnownFileType = sourcecode.c.h; path = MyFileViewController.h; sourceTree = "<group>"; };
		319760552494BECE0030E29E /* MyFileViewController.m */ = {isa = PBXFileReference; lastKnownFileType = sourcecode.c.objc; path = MyFileViewController.m; sourceTree = "<group>"; };
		319760572494C8EB0030E29E /* MyGirlViewController.h */ = {isa = PBXFileReference; lastKnownFileType = sourcecode.c.h; path = MyGirlViewController.h; sourceTree = "<group>"; };
		319760582494C8EB0030E29E /* MyGirlViewController.m */ = {isa = PBXFileReference; lastKnownFileType = sourcecode.c.objc; path = MyGirlViewController.m; sourceTree = "<group>"; };
		3197605C2494CD5A0030E29E /* MyProgressViewController.h */ = {isa = PBXFileReference; lastKnownFileType = sourcecode.c.h; path = MyProgressViewController.h; sourceTree = "<group>"; };
		3197605D2494CD5A0030E29E /* MyProgressViewController.m */ = {isa = PBXFileReference; lastKnownFileType = sourcecode.c.objc; path = MyProgressViewController.m; sourceTree = "<group>"; };
		3197605E2494CD5A0030E29E /* MyProgressViewController.xib */ = {isa = PBXFileReference; lastKnownFileType = file.xib; path = MyProgressViewController.xib; sourceTree = "<group>"; };
		319760612494CD730030E29E /* MyProgressView.h */ = {isa = PBXFileReference; lastKnownFileType = sourcecode.c.h; path = MyProgressView.h; sourceTree = "<group>"; };
		319760622494CD730030E29E /* MyProgressView.m */ = {isa = PBXFileReference; lastKnownFileType = sourcecode.c.objc; path = MyProgressView.m; sourceTree = "<group>"; };
		31C5D5DA249C684C009B5ECE /* ThreadViewController.h */ = {isa = PBXFileReference; lastKnownFileType = sourcecode.c.h; path = ThreadViewController.h; sourceTree = "<group>"; };
		31C5D5DB249C684C009B5ECE /* ThreadViewController.m */ = {isa = PBXFileReference; lastKnownFileType = sourcecode.c.objc; path = ThreadViewController.m; sourceTree = "<group>"; };
		31C5D5DC249C684C009B5ECE /* ThreadViewController.xib */ = {isa = PBXFileReference; lastKnownFileType = file.xib; path = ThreadViewController.xib; sourceTree = "<group>"; };
		31EBDA8E2494728F00EECBCE /* 抽屉效果.app */ = {isa = PBXFileReference; explicitFileType = wrapper.application; includeInIndex = 0; path = "抽屉效果.app"; sourceTree = BUILT_PRODUCTS_DIR; };
		31EBDA912494728F00EECBCE /* AppDelegate.h */ = {isa = PBXFileReference; lastKnownFileType = sourcecode.c.h; path = AppDelegate.h; sourceTree = "<group>"; };
		31EBDA922494728F00EECBCE /* AppDelegate.m */ = {isa = PBXFileReference; lastKnownFileType = sourcecode.c.objc; path = AppDelegate.m; sourceTree = "<group>"; };
		31EBDA942494728F00EECBCE /* SceneDelegate.h */ = {isa = PBXFileReference; lastKnownFileType = sourcecode.c.h; path = SceneDelegate.h; sourceTree = "<group>"; };
		31EBDA952494728F00EECBCE /* SceneDelegate.m */ = {isa = PBXFileReference; lastKnownFileType = sourcecode.c.objc; path = SceneDelegate.m; sourceTree = "<group>"; };
		31EBDA9B2494728F00EECBCE /* Base */ = {isa = PBXFileReference; lastKnownFileType = file.storyboard; name = Base; path = Base.lproj/Main.storyboard; sourceTree = "<group>"; };
		31EBDA9D2494729000EECBCE /* Assets.xcassets */ = {isa = PBXFileReference; lastKnownFileType = folder.assetcatalog; path = Assets.xcassets; sourceTree = "<group>"; };
		31EBDAA02494729000EECBCE /* Base */ = {isa = PBXFileReference; lastKnownFileType = file.storyboard; name = Base; path = Base.lproj/LaunchScreen.storyboard; sourceTree = "<group>"; };
		31EBDAA22494729000EECBCE /* Info.plist */ = {isa = PBXFileReference; lastKnownFileType = text.plist.xml; path = Info.plist; sourceTree = "<group>"; };
		31EBDAA32494729000EECBCE /* main.m */ = {isa = PBXFileReference; lastKnownFileType = sourcecode.c.objc; path = main.m; sourceTree = "<group>"; };
		31EBDAAB24947A2800EECBCE /* DrawerViewController.h */ = {isa = PBXFileReference; lastKnownFileType = sourcecode.c.h; path = DrawerViewController.h; sourceTree = "<group>"; };
		31EBDAAC24947A2800EECBCE /* DrawerViewController.m */ = {isa = PBXFileReference; lastKnownFileType = sourcecode.c.objc; path = DrawerViewController.m; sourceTree = "<group>"; };
		31EBDAB12494AAEA00EECBCE /* SettingViewController.h */ = {isa = PBXFileReference; lastKnownFileType = sourcecode.c.h; path = SettingViewController.h; sourceTree = "<group>"; };
		31EBDAB22494AAEA00EECBCE /* SettingViewController.m */ = {isa = PBXFileReference; lastKnownFileType = sourcecode.c.objc; path = SettingViewController.m; sourceTree = "<group>"; };
		31EBDAB32494AAEA00EECBCE /* SettingViewController.xib */ = {isa = PBXFileReference; lastKnownFileType = file.xib; path = SettingViewController.xib; sourceTree = "<group>"; };
		31EE10D224A369D200E15D94 /* NSDictionary+Log.h */ = {isa = PBXFileReference; lastKnownFileType = sourcecode.c.h; path = "NSDictionary+Log.h"; sourceTree = "<group>"; };
		31EE10D324A369D200E15D94 /* NSDictionary+Log.m */ = {isa = PBXFileReference; lastKnownFileType = sourcecode.c.objc; path = "NSDictionary+Log.m"; sourceTree = "<group>"; };
		31EE10D524A36A2000E15D94 /* NSArray+Log.h */ = {isa = PBXFileReference; lastKnownFileType = sourcecode.c.h; path = "NSArray+Log.h"; sourceTree = "<group>"; };
		31EE10D624A36A2000E15D94 /* NSArray+Log.m */ = {isa = PBXFileReference; lastKnownFileType = sourcecode.c.objc; path = "NSArray+Log.m"; sourceTree = "<group>"; };
		31F2F38A24A989A900C1872A /* VideoPlayerManager.h */ = {isa = PBXFileReference; lastKnownFileType = sourcecode.c.h; path = VideoPlayerManager.h; sourceTree = "<group>"; };
		31F2F38B24A989A900C1872A /* VideoPlayerManager.m */ = {isa = PBXFileReference; lastKnownFileType = sourcecode.c.objc; path = VideoPlayerManager.m; sourceTree = "<group>"; };
		31F2F38D24A9914F00C1872A /* VideoModel.h */ = {isa = PBXFileReference; lastKnownFileType = sourcecode.c.h; path = VideoModel.h; sourceTree = "<group>"; };
		31F2F38E24A9914F00C1872A /* VideoModel.m */ = {isa = PBXFileReference; lastKnownFileType = sourcecode.c.objc; path = VideoModel.m; sourceTree = "<group>"; };
		31F2F39024A9971C00C1872A /* videos.json */ = {isa = PBXFileReference; fileEncoding = 4; lastKnownFileType = text.json; path = videos.json; sourceTree = "<group>"; };
		31F897CE24A478420089DBA5 /* NSString+extension.h */ = {isa = PBXFileReference; lastKnownFileType = sourcecode.c.h; path = "NSString+extension.h"; sourceTree = "<group>"; };
		31F897CF24A478420089DBA5 /* NSString+extension.m */ = {isa = PBXFileReference; lastKnownFileType = sourcecode.c.objc; path = "NSString+extension.m"; sourceTree = "<group>"; };
		31FFC24F2495E1920098D769 /* RoundImageViewController.h */ = {isa = PBXFileReference; lastKnownFileType = sourcecode.c.h; path = RoundImageViewController.h; sourceTree = "<group>"; };
		31FFC2502495E1920098D769 /* RoundImageViewController.m */ = {isa = PBXFileReference; lastKnownFileType = sourcecode.c.objc; path = RoundImageViewController.m; sourceTree = "<group>"; };
		31FFC2512495E1920098D769 /* RoundImageViewController.xib */ = {isa = PBXFileReference; lastKnownFileType = file.xib; path = RoundImageViewController.xib; sourceTree = "<group>"; };
		31FFC25A249647020098D769 /* SelfDefineImageClipViewController.m */ = {isa = PBXFileReference; fileEncoding = 4; lastKnownFileType = sourcecode.c.objc; path = SelfDefineImageClipViewController.m; sourceTree = "<group>"; };
		31FFC25B249647020098D769 /* SelfDefineImageClipViewController.h */ = {isa = PBXFileReference; fileEncoding = 4; lastKnownFileType = sourcecode.c.h; path = SelfDefineImageClipViewController.h; sourceTree = "<group>"; };
		31FFC25C249647020098D769 /* SelfDefineImageClipViewController.xib */ = {isa = PBXFileReference; fileEncoding = 4; lastKnownFileType = file.xib; path = SelfDefineImageClipViewController.xib; sourceTree = "<group>"; };
/* End PBXFileReference section */

/* Begin PBXFrameworksBuildPhase section */
		31EBDA8B2494728F00EECBCE /* Frameworks */ = {
			isa = PBXFrameworksBuildPhase;
			buildActionMask = 2147483647;
			files = (
			);
			runOnlyForDeploymentPostprocessing = 0;
		};
/* End PBXFrameworksBuildPhase section */

/* Begin PBXGroup section */
		3113CB6124A1B36900286200 /* 下载大文件 */ = {
			isa = PBXGroup;
			children = (
				3113CB6224A1B39C00286200 /* DownBigFileViewController.h */,
				3113CB6324A1B39C00286200 /* DownBigFileViewController.m */,
				3113CB6424A1B39C00286200 /* DownBigFileViewController.xib */,
			);
			path = "下载大文件";
			sourceTree = "<group>";
		};
		314DCBFE24AB1B9E009AE220 /* 刘亦菲 */ = {
			isa = PBXGroup;
			children = (
				314DCBFF24AB1B9E009AE220 /* liuyife_00009.mp4 */,
				314DCC0024AB1B9E009AE220 /* liuyife_00008.mp4 */,
				314DCC0124AB1B9E009AE220 /* liuyife_00012.mp4 */,
				314DCC0224AB1B9E009AE220 /* liuyife_00011.mp4 */,
				314DCC0324AB1B9E009AE220 /* liuyife_00005.mp4 */,
				314DCC0424AB1B9E009AE220 /* liuyife_00004.mp4 */,
				314DCC0524AB1B9E009AE220 /* liuyife_00010.mp4 */,
				314DCC0624AB1B9E009AE220 /* liuyife_00006.mp4 */,
				314DCC0724AB1B9E009AE220 /* liuyife_00007.mp4 */,
				314DCC0824AB1B9E009AE220 /* liuyife_00003.mp4 */,
				314DCC0924AB1B9E009AE220 /* liuyife_00002.mp4 */,
				314DCC0A24AB1B9E009AE220 /* liuyife_00001.mp4 */,
			);
			path = "刘亦菲";
			sourceTree = "<group>";
		};
		3150E91424A8F55D00099AD1 /* 首页 */ = {
			isa = PBXGroup;
			children = (
				3150E92124A8F61E00099AD1 /* Controller */,
				3150E92224A8F61E00099AD1 /* Model */,
				3150E92324A8F61E00099AD1 /* View */,
			);
			path = "首页";
			sourceTree = "<group>";
		};
		3150E91524A8F56600099AD1 /* 视频 */ = {
			isa = PBXGroup;
			children = (
				3150E91E24A8F61600099AD1 /* Controller */,
				3150E91F24A8F61600099AD1 /* Model */,
				3150E92024A8F61600099AD1 /* View */,
			);
			path = "视频";
			sourceTree = "<group>";
		};
		3150E91624A8F58D00099AD1 /* 我的 */ = {
			isa = PBXGroup;
			children = (
				3150E91D24A8F60D00099AD1 /* Controller */,
				3150E91B24A8F60C00099AD1 /* Model */,
				3150E91C24A8F60D00099AD1 /* View */,
			);
			path = "我的";
			sourceTree = "<group>";
		};
		3150E91724A8F5AD00099AD1 /* 同城 */ = {
			isa = PBXGroup;
			children = (
				3150E91824A8F60400099AD1 /* Controller */,
				3150E91924A8F60400099AD1 /* Model */,
				3150E91A24A8F60400099AD1 /* View */,
			);
			path = "同城";
			sourceTree = "<group>";
		};
		3150E91824A8F60400099AD1 /* Controller */ = {
			isa = PBXGroup;
			children = (
				3150E92A24A8F6A800099AD1 /* SameCityViewController.h */,
				3150E92B24A8F6A800099AD1 /* SameCityViewController.m */,
			);
			path = Controller;
			sourceTree = "<group>";
		};
		3150E91924A8F60400099AD1 /* Model */ = {
			isa = PBXGroup;
			children = (
			);
			path = Model;
			sourceTree = "<group>";
		};
		3150E91A24A8F60400099AD1 /* View */ = {
			isa = PBXGroup;
			children = (
			);
			path = View;
			sourceTree = "<group>";
		};
		3150E91B24A8F60C00099AD1 /* Model */ = {
			isa = PBXGroup;
			children = (
			);
			path = Model;
			sourceTree = "<group>";
		};
		3150E91C24A8F60D00099AD1 /* View */ = {
			isa = PBXGroup;
			children = (
			);
			path = View;
			sourceTree = "<group>";
		};
		3150E91D24A8F60D00099AD1 /* Controller */ = {
			isa = PBXGroup;
			children = (
				3150E92D24A8F6BA00099AD1 /* MineViewController.h */,
				3150E92E24A8F6BA00099AD1 /* MineViewController.m */,
			);
			path = Controller;
			sourceTree = "<group>";
		};
		3150E91E24A8F61600099AD1 /* Controller */ = {
			isa = PBXGroup;
			children = (
				3150E90424A8A26600099AD1 /* SmallVideoViewController.h */,
				3150E90524A8A26600099AD1 /* SmallVideoViewController.m */,
				3150E90624A8A26600099AD1 /* SmallVideoViewController.xib */,
			);
			path = Controller;
			sourceTree = "<group>";
		};
		3150E91F24A8F61600099AD1 /* Model */ = {
			isa = PBXGroup;
			children = (
				31F2F38A24A989A900C1872A /* VideoPlayerManager.h */,
				31F2F38B24A989A900C1872A /* VideoPlayerManager.m */,
				31F2F38D24A9914F00C1872A /* VideoModel.h */,
				31F2F38E24A9914F00C1872A /* VideoModel.m */,
			);
			path = Model;
			sourceTree = "<group>";
		};
		3150E92024A8F61600099AD1 /* View */ = {
			isa = PBXGroup;
			children = (
				3150E90924A8C75F00099AD1 /* VideoView.h */,
				3150E90A24A8C75F00099AD1 /* VideoView.m */,
				3150E90F24A8C8C300099AD1 /* VideoCell.h */,
				3150E91024A8C8C300099AD1 /* VideoCell.m */,
				3150E91124A8C8C300099AD1 /* VideoCell.xib */,
				3101B87024ADB2AD005D6BC1 /* MusicView.h */,
				3101B87124ADB2AD005D6BC1 /* MusicView.m */,
			);
			path = View;
			sourceTree = "<group>";
		};
		3150E92124A8F61E00099AD1 /* Controller */ = {
			isa = PBXGroup;
			children = (
				3150E92424A8F67200099AD1 /* HomeViewController.h */,
				3150E92524A8F67200099AD1 /* HomeViewController.m */,
			);
			path = Controller;
			sourceTree = "<group>";
		};
		3150E92224A8F61E00099AD1 /* Model */ = {
			isa = PBXGroup;
			children = (
			);
			path = Model;
			sourceTree = "<group>";
		};
		3150E92324A8F61E00099AD1 /* View */ = {
			isa = PBXGroup;
			children = (
			);
			path = View;
			sourceTree = "<group>";
		};
		3150F71A249BD85500C1B624 /* 新闻类多控制器 */ = {
			isa = PBXGroup;
			children = (
				3150F71B249BD87D00C1B624 /* MultiViewController.h */,
				3150F71C249BD87D00C1B624 /* MultiViewController.m */,
				3101B86D24AD9198005D6BC1 /* MultiDetailViewController.h */,
				3101B86E24AD9198005D6BC1 /* MultiDetailViewController.m */,
			);
			path = "新闻类多控制器";
			sourceTree = "<group>";
		};
		3197605A2494CD1B0030E29E /* 头部缩放 */ = {
			isa = PBXGroup;
			children = (
				319760572494C8EB0030E29E /* MyGirlViewController.h */,
				319760582494C8EB0030E29E /* MyGirlViewController.m */,
			);
			path = "头部缩放";
			sourceTree = "<group>";
		};
		3197605B2494CD3C0030E29E /* 进度条 */ = {
			isa = PBXGroup;
			children = (
				3197605C2494CD5A0030E29E /* MyProgressViewController.h */,
				3197605D2494CD5A0030E29E /* MyProgressViewController.m */,
				3197605E2494CD5A0030E29E /* MyProgressViewController.xib */,
				319760612494CD730030E29E /* MyProgressView.h */,
				319760622494CD730030E29E /* MyProgressView.m */,
			);
			path = "进度条";
			sourceTree = "<group>";
		};
		31C5D5D9249C6830009B5ECE /* 多线程 */ = {
			isa = PBXGroup;
			children = (
				31C5D5DA249C684C009B5ECE /* ThreadViewController.h */,
				31C5D5DB249C684C009B5ECE /* ThreadViewController.m */,
				31C5D5DC249C684C009B5ECE /* ThreadViewController.xib */,
				3144FE5124A05CA400DDA87F /* RunLoopViewController.h */,
				3144FE5224A05CA400DDA87F /* RunLoopViewController.m */,
				3144FE5324A05CA400DDA87F /* RunLoopViewController.xib */,
				3144FE5624A09B3B00DDA87F /* NSURLSessionViewController.h */,
				3144FE5724A09B3B00DDA87F /* NSURLSessionViewController.m */,
				3144FE5824A09B3B00DDA87F /* NSURLSessionViewController.xib */,
				3113CB6124A1B36900286200 /* 下载大文件 */,
			);
			path = "多线程";
			sourceTree = "<group>";
		};
		31EBDA852494728F00EECBCE = {
			isa = PBXGroup;
			children = (
				31EBDA902494728F00EECBCE /* 抽屉效果 */,
				31EBDA8F2494728F00EECBCE /* Products */,
			);
			sourceTree = "<group>";
		};
		31EBDA8F2494728F00EECBCE /* Products */ = {
			isa = PBXGroup;
			children = (
				31EBDA8E2494728F00EECBCE /* 抽屉效果.app */,
			);
			name = Products;
			sourceTree = "<group>";
		};
		31EBDA902494728F00EECBCE /* 抽屉效果 */ = {
			isa = PBXGroup;
			children = (
				314DCBFE24AB1B9E009AE220 /* 刘亦菲 */,
				3150E91724A8F5AD00099AD1 /* 同城 */,
				3150E91624A8F58D00099AD1 /* 我的 */,
				3150E91524A8F56600099AD1 /* 视频 */,
				3150E91424A8F55D00099AD1 /* 首页 */,
				31EE10D124A369B000E15D94 /* 分类 */,
				31C5D5D9249C6830009B5ECE /* 多线程 */,
				3150F71A249BD85500C1B624 /* 新闻类多控制器 */,
				31FFC2542496109C0098D769 /* CALayer */,
				31FFC24E2495DF630098D769 /* 绘制圆角图片 */,
				3197605B2494CD3C0030E29E /* 进度条 */,
				3197605A2494CD1B0030E29E /* 头部缩放 */,
				31EBDAAA249479FD00EECBCE /* 抽屉效果 */,
				31EBDA912494728F00EECBCE /* AppDelegate.h */,
				31EBDA922494728F00EECBCE /* AppDelegate.m */,
				31EBDA942494728F00EECBCE /* SceneDelegate.h */,
				31EBDA952494728F00EECBCE /* SceneDelegate.m */,
				3150E93524A8FDA700099AD1 /* NotesViewController.h */,
				3150E93624A8FDA700099AD1 /* NotesViewController.m */,
				3150E93724A8FDA700099AD1 /* NotesViewController.xib */,
				3150E93024A8FA2200099AD1 /* JieTabBarController.h */,
				3150E93124A8FA2200099AD1 /* JieTabBarController.m */,
				3150F720249BDDD400C1B624 /* Complex.pch */,
				31F2F39024A9971C00C1872A /* videos.json */,
				3144FE5B24A0EB5C00DDA87F /* school.json */,
				3144FE6024A1242500DDA87F /* school.xml */,
				3144FE5D24A0F81600DDA87F /* SchoolModel.h */,
				3144FE5E24A0F81600DDA87F /* SchoolModel.m */,
				31EBDA9A2494728F00EECBCE /* Main.storyboard */,
				31EBDA9D2494729000EECBCE /* Assets.xcassets */,
				31EBDA9F2494729000EECBCE /* LaunchScreen.storyboard */,
				31EBDAA22494729000EECBCE /* Info.plist */,
				31EBDAA32494729000EECBCE /* main.m */,
			);
			path = "抽屉效果";
			sourceTree = "<group>";
		};
		31EBDAAA249479FD00EECBCE /* 抽屉效果 */ = {
			isa = PBXGroup;
			children = (
				31EBDAAB24947A2800EECBCE /* DrawerViewController.h */,
				31EBDAAC24947A2800EECBCE /* DrawerViewController.m */,
				31EBDAB12494AAEA00EECBCE /* SettingViewController.h */,
				31EBDAB22494AAEA00EECBCE /* SettingViewController.m */,
				31EBDAB32494AAEA00EECBCE /* SettingViewController.xib */,
				319760542494BECE0030E29E /* MyFileViewController.h */,
				319760552494BECE0030E29E /* MyFileViewController.m */,
			);
			path = "抽屉效果";
			sourceTree = "<group>";
		};
		31EE10D124A369B000E15D94 /* 分类 */ = {
			isa = PBXGroup;
			children = (
				31EE10D224A369D200E15D94 /* NSDictionary+Log.h */,
				31EE10D324A369D200E15D94 /* NSDictionary+Log.m */,
				31EE10D524A36A2000E15D94 /* NSArray+Log.h */,
				31EE10D624A36A2000E15D94 /* NSArray+Log.m */,
				31F897CE24A478420089DBA5 /* NSString+extension.h */,
				31F897CF24A478420089DBA5 /* NSString+extension.m */,
			);
			path = "分类";
			sourceTree = "<group>";
		};
		31FFC24E2495DF630098D769 /* 绘制圆角图片 */ = {
			isa = PBXGroup;
			children = (
				31FFC25B249647020098D769 /* SelfDefineImageClipViewController.h */,
				31FFC25A249647020098D769 /* SelfDefineImageClipViewController.m */,
				31FFC25C249647020098D769 /* SelfDefineImageClipViewController.xib */,
				31FFC24F2495E1920098D769 /* RoundImageViewController.h */,
				31FFC2502495E1920098D769 /* RoundImageViewController.m */,
				31FFC2512495E1920098D769 /* RoundImageViewController.xib */,
				314A02862497263900B0C397 /* GraffitiBoardViewController.h */,
				314A02872497263900B0C397 /* GraffitiBoardViewController.m */,
				314A02882497263900B0C397 /* GraffitiBoardViewController.xib */,
				314A028B2497269700B0C397 /* GraffitiBoardView.h */,
				314A028C2497269700B0C397 /* GraffitiBoardView.m */,
				314A028E2497C15600B0C397 /* SetRoundCornerImageWithShadowViewController.h */,
				314A028F2497C15600B0C397 /* SetRoundCornerImageWithShadowViewController.m */,
				314A02902497C15600B0C397 /* SetRoundCornerImageWithShadowViewController.xib */,
				3150F70F249B625600C1B624 /* RedrawViewController.h */,
				3150F710249B625600C1B624 /* RedrawViewController.m */,
				3150F711249B625600C1B624 /* RedrawViewController.xib */,
				3150F714249B62DE00C1B624 /* RedrawView.h */,
				3150F715249B62DE00C1B624 /* RedrawView.m */,
			);
			path = "绘制圆角图片";
			sourceTree = "<group>";
		};
		31FFC2542496109C0098D769 /* CALayer */ = {
			isa = PBXGroup;
			children = (
				3174E2032498857200C71CA9 /* ClockViewController.h */,
				3174E2042498857200C71CA9 /* ClockViewController.m */,
				3174E2052498857200C71CA9 /* ClockViewController.xib */,
				3150F717249BBF7000C1B624 /* GradientViewController.h */,
				3150F718249BBF7000C1B624 /* GradientViewController.m */,
			);
			path = CALayer;
			sourceTree = "<group>";
		};
/* End PBXGroup section */

/* Begin PBXNativeTarget section */
		31EBDA8D2494728F00EECBCE /* 抽屉效果 */ = {
			isa = PBXNativeTarget;
			buildConfigurationList = 31EBDAA72494729000EECBCE /* Build configuration list for PBXNativeTarget "抽屉效果" */;
			buildPhases = (
				31EBDA8A2494728F00EECBCE /* Sources */,
				31EBDA8B2494728F00EECBCE /* Frameworks */,
				31EBDA8C2494728F00EECBCE /* Resources */,
			);
			buildRules = (
			);
			dependencies = (
			);
			name = "抽屉效果";
			productName = "抽屉效果";
			productReference = 31EBDA8E2494728F00EECBCE /* 抽屉效果.app */;
			productType = "com.apple.product-type.application";
		};
/* End PBXNativeTarget section */

/* Begin PBXProject section */
		31EBDA862494728F00EECBCE /* Project object */ = {
			isa = PBXProject;
			attributes = {
				LastUpgradeCheck = 1110;
				ORGANIZATIONNAME = Jackey;
				TargetAttributes = {
					31EBDA8D2494728F00EECBCE = {
						CreatedOnToolsVersion = 11.1;
					};
				};
			};
			buildConfigurationList = 31EBDA892494728F00EECBCE /* Build configuration list for PBXProject "抽屉效果" */;
			compatibilityVersion = "Xcode 9.3";
			developmentRegion = en;
			hasScannedForEncodings = 0;
			knownRegions = (
				en,
				Base,
			);
			mainGroup = 31EBDA852494728F00EECBCE;
			productRefGroup = 31EBDA8F2494728F00EECBCE /* Products */;
			projectDirPath = "";
			projectRoot = "";
			targets = (
				31EBDA8D2494728F00EECBCE /* 抽屉效果 */,
			);
		};
/* End PBXProject section */

/* Begin PBXResourcesBuildPhase section */
		31EBDA8C2494728F00EECBCE /* Resources */ = {
			isa = PBXResourcesBuildPhase;
			buildActionMask = 2147483647;
			files = (
				3144FE5C24A0EB5C00DDA87F /* school.json in Resources */,
				314DCC0C24AB1B9E009AE220 /* liuyife_00008.mp4 in Resources */,
				3144FE6124A1242500DDA87F /* school.xml in Resources */,
				314DCC1624AB1B9E009AE220 /* liuyife_00001.mp4 in Resources */,
				314DCC0F24AB1B9E009AE220 /* liuyife_00005.mp4 in Resources */,
				31C5D5DE249C684C009B5ECE /* ThreadViewController.xib in Resources */,
				314DCC0D24AB1B9E009AE220 /* liuyife_00012.mp4 in Resources */,
				319760602494CD5A0030E29E /* MyProgressViewController.xib in Resources */,
				314DCC0E24AB1B9E009AE220 /* liuyife_00011.mp4 in Resources */,
				314DCC1424AB1B9E009AE220 /* liuyife_00003.mp4 in Resources */,
				31EBDAA12494729000EECBCE /* LaunchScreen.storyboard in Resources */,
				314DCC1324AB1B9E009AE220 /* liuyife_00007.mp4 in Resources */,
				314A02922497C15600B0C397 /* SetRoundCornerImageWithShadowViewController.xib in Resources */,
				3174E2072498857200C71CA9 /* ClockViewController.xib in Resources */,
				31EBDA9E2494729000EECBCE /* Assets.xcassets in Resources */,
				314DCC1024AB1B9E009AE220 /* liuyife_00004.mp4 in Resources */,
				3144FE5524A05CA400DDA87F /* RunLoopViewController.xib in Resources */,
				314A028A2497263900B0C397 /* GraffitiBoardViewController.xib in Resources */,
				3150E90824A8A26600099AD1 /* SmallVideoViewController.xib in Resources */,
				31EBDA9C2494728F00EECBCE /* Main.storyboard in Resources */,
				31EBDAB52494AAEA00EECBCE /* SettingViewController.xib in Resources */,
				3113CB6624A1B39C00286200 /* DownBigFileViewController.xib in Resources */,
				3144FE5A24A09B3B00DDA87F /* NSURLSessionViewController.xib in Resources */,
				314DCC1224AB1B9E009AE220 /* liuyife_00006.mp4 in Resources */,
				3150E91324A8C8C300099AD1 /* VideoCell.xib in Resources */,
				314DCC1524AB1B9E009AE220 /* liuyife_00002.mp4 in Resources */,
				3150E93924A8FDA700099AD1 /* NotesViewController.xib in Resources */,
				31F2F39124A9971C00C1872A /* videos.json in Resources */,
				314DCC1124AB1B9E009AE220 /* liuyife_00010.mp4 in Resources */,
				31FFC25E249647020098D769 /* SelfDefineImageClipViewController.xib in Resources */,
				314DCC0B24AB1B9E009AE220 /* liuyife_00009.mp4 in Resources */,
				3150F713249B625600C1B624 /* RedrawViewController.xib in Resources */,
				31FFC2532495E1920098D769 /* RoundImageViewController.xib in Resources */,
			);
			runOnlyForDeploymentPostprocessing = 0;
		};
/* End PBXResourcesBuildPhase section */

/* Begin PBXSourcesBuildPhase section */
		31EBDA8A2494728F00EECBCE /* Sources */ = {
			isa = PBXSourcesBuildPhase;
			buildActionMask = 2147483647;
			files = (
				31EE10D724A36A2000E15D94 /* NSArray+Log.m in Sources */,
				3150E93224A8FA2200099AD1 /* JieTabBarController.m in Sources */,
				31C5D5DD249C684C009B5ECE /* ThreadViewController.m in Sources */,
				3150E92C24A8F6A800099AD1 /* SameCityViewController.m in Sources */,
				3144FE5F24A0F81600DDA87F /* SchoolModel.m in Sources */,
				319760562494BECE0030E29E /* MyFileViewController.m in Sources */,
				31EBDA932494728F00EECBCE /* AppDelegate.m in Sources */,
				3150E93824A8FDA700099AD1 /* NotesViewController.m in Sources */,
				3197605F2494CD5A0030E29E /* MyProgressViewController.m in Sources */,
				31F897D024A478420089DBA5 /* NSString+extension.m in Sources */,
				3150E91224A8C8C300099AD1 /* VideoCell.m in Sources */,
				3113CB6524A1B39C00286200 /* DownBigFileViewController.m in Sources */,
				31EBDAA42494729000EECBCE /* main.m in Sources */,
				31FFC25D249647020098D769 /* SelfDefineImageClipViewController.m in Sources */,
				319760592494C8EB0030E29E /* MyGirlViewController.m in Sources */,
				3101B86F24AD9198005D6BC1 /* MultiDetailViewController.m in Sources */,
				3150F716249B62DE00C1B624 /* RedrawView.m in Sources */,
				31EBDAAD24947A2800EECBCE /* DrawerViewController.m in Sources */,
				319760632494CD730030E29E /* MyProgressView.m in Sources */,
				3150F712249B625600C1B624 /* RedrawViewController.m in Sources */,
				3150E90B24A8C75F00099AD1 /* VideoView.m in Sources */,
				3150F719249BBF7000C1B624 /* GradientViewController.m in Sources */,
				31EBDA962494728F00EECBCE /* SceneDelegate.m in Sources */,
				3101B87224ADB2AD005D6BC1 /* MusicView.m in Sources */,
				3150E92F24A8F6BA00099AD1 /* MineViewController.m in Sources */,
				3144FE5924A09B3B00DDA87F /* NSURLSessionViewController.m in Sources */,
				31EBDAB42494AAEA00EECBCE /* SettingViewController.m in Sources */,
				3174E2062498857200C71CA9 /* ClockViewController.m in Sources */,
				31F2F38C24A989A900C1872A /* VideoPlayerManager.m in Sources */,
				3150E92624A8F67200099AD1 /* HomeViewController.m in Sources */,
				314A028D2497269700B0C397 /* GraffitiBoardView.m in Sources */,
				31F2F38F24A9914F00C1872A /* VideoModel.m in Sources */,
				31FFC2522495E1920098D769 /* RoundImageViewController.m in Sources */,
				31EE10D424A369D200E15D94 /* NSDictionary+Log.m in Sources */,
				3150E90724A8A26600099AD1 /* SmallVideoViewController.m in Sources */,
				3144FE5424A05CA400DDA87F /* RunLoopViewController.m in Sources */,
				314A02912497C15600B0C397 /* SetRoundCornerImageWithShadowViewController.m in Sources */,
				3150F71E249BD87D00C1B624 /* MultiViewController.m in Sources */,
				314A02892497263900B0C397 /* GraffitiBoardViewController.m in Sources */,
			);
			runOnlyForDeploymentPostprocessing = 0;
		};
/* End PBXSourcesBuildPhase section */

/* Begin PBXVariantGroup section */
		31EBDA9A2494728F00EECBCE /* Main.storyboard */ = {
			isa = PBXVariantGroup;
			children = (
				31EBDA9B2494728F00EECBCE /* Base */,
			);
			name = Main.storyboard;
			sourceTree = "<group>";
		};
		31EBDA9F2494729000EECBCE /* LaunchScreen.storyboard */ = {
			isa = PBXVariantGroup;
			children = (
				31EBDAA02494729000EECBCE /* Base */,
			);
			name = LaunchScreen.storyboard;
			sourceTree = "<group>";
		};
/* End PBXVariantGroup section */

/* Begin XCBuildConfiguration section */
		31EBDAA52494729000EECBCE /* Debug */ = {
			isa = XCBuildConfiguration;
			buildSettings = {
				ALWAYS_SEARCH_USER_PATHS = NO;
				CLANG_ANALYZER_NONNULL = YES;
				CLANG_ANALYZER_NUMBER_OBJECT_CONVERSION = YES_AGGRESSIVE;
				CLANG_CXX_LANGUAGE_STANDARD = "gnu++14";
				CLANG_CXX_LIBRARY = "libc++";
				CLANG_ENABLE_MODULES = YES;
				CLANG_ENABLE_OBJC_ARC = YES;
				CLANG_ENABLE_OBJC_WEAK = YES;
				CLANG_WARN_BLOCK_CAPTURE_AUTORELEASING = YES;
				CLANG_WARN_BOOL_CONVERSION = YES;
				CLANG_WARN_COMMA = YES;
				CLANG_WARN_CONSTANT_CONVERSION = YES;
				CLANG_WARN_DEPRECATED_OBJC_IMPLEMENTATIONS = YES;
				CLANG_WARN_DIRECT_OBJC_ISA_USAGE = YES_ERROR;
				CLANG_WARN_DOCUMENTATION_COMMENTS = YES;
				CLANG_WARN_EMPTY_BODY = YES;
				CLANG_WARN_ENUM_CONVERSION = YES;
				CLANG_WARN_INFINITE_RECURSION = YES;
				CLANG_WARN_INT_CONVERSION = YES;
				CLANG_WARN_NON_LITERAL_NULL_CONVERSION = YES;
				CLANG_WARN_OBJC_IMPLICIT_RETAIN_SELF = YES;
				CLANG_WARN_OBJC_LITERAL_CONVERSION = YES;
				CLANG_WARN_OBJC_ROOT_CLASS = YES_ERROR;
				CLANG_WARN_RANGE_LOOP_ANALYSIS = YES;
				CLANG_WARN_STRICT_PROTOTYPES = YES;
				CLANG_WARN_SUSPICIOUS_MOVE = YES;
				CLANG_WARN_UNGUARDED_AVAILABILITY = YES_AGGRESSIVE;
				CLANG_WARN_UNREACHABLE_CODE = YES;
				CLANG_WARN__DUPLICATE_METHOD_MATCH = YES;
				COPY_PHASE_STRIP = NO;
				DEBUG_INFORMATION_FORMAT = dwarf;
				ENABLE_STRICT_OBJC_MSGSEND = YES;
				ENABLE_TESTABILITY = YES;
				GCC_C_LANGUAGE_STANDARD = gnu11;
				GCC_DYNAMIC_NO_PIC = NO;
				GCC_NO_COMMON_BLOCKS = YES;
				GCC_OPTIMIZATION_LEVEL = 0;
				GCC_PREPROCESSOR_DEFINITIONS = (
					"DEBUG=1",
					"$(inherited)",
				);
				GCC_WARN_64_TO_32_BIT_CONVERSION = YES;
				GCC_WARN_ABOUT_RETURN_TYPE = YES_ERROR;
				GCC_WARN_UNDECLARED_SELECTOR = YES;
				GCC_WARN_UNINITIALIZED_AUTOS = YES_AGGRESSIVE;
				GCC_WARN_UNUSED_FUNCTION = YES;
				GCC_WARN_UNUSED_VARIABLE = YES;
				IPHONEOS_DEPLOYMENT_TARGET = 13.1;
				MTL_ENABLE_DEBUG_INFO = INCLUDE_SOURCE;
				MTL_FAST_MATH = YES;
				ONLY_ACTIVE_ARCH = YES;
				SDKROOT = iphoneos;
			};
			name = Debug;
		};
		31EBDAA62494729000EECBCE /* Release */ = {
			isa = XCBuildConfiguration;
			buildSettings = {
				ALWAYS_SEARCH_USER_PATHS = NO;
				CLANG_ANALYZER_NONNULL = YES;
				CLANG_ANALYZER_NUMBER_OBJECT_CONVERSION = YES_AGGRESSIVE;
				CLANG_CXX_LANGUAGE_STANDARD = "gnu++14";
				CLANG_CXX_LIBRARY = "libc++";
				CLANG_ENABLE_MODULES = YES;
				CLANG_ENABLE_OBJC_ARC = YES;
				CLANG_ENABLE_OBJC_WEAK = YES;
				CLANG_WARN_BLOCK_CAPTURE_AUTORELEASING = YES;
				CLANG_WARN_BOOL_CONVERSION = YES;
				CLANG_WARN_COMMA = YES;
				CLANG_WARN_CONSTANT_CONVERSION = YES;
				CLANG_WARN_DEPRECATED_OBJC_IMPLEMENTATIONS = YES;
				CLANG_WARN_DIRECT_OBJC_ISA_USAGE = YES_ERROR;
				CLANG_WARN_DOCUMENTATION_COMMENTS = YES;
				CLANG_WARN_EMPTY_BODY = YES;
				CLANG_WARN_ENUM_CONVERSION = YES;
				CLANG_WARN_INFINITE_RECURSION = YES;
				CLANG_WARN_INT_CONVERSION = YES;
				CLANG_WARN_NON_LITERAL_NULL_CONVERSION = YES;
				CLANG_WARN_OBJC_IMPLICIT_RETAIN_SELF = YES;
				CLANG_WARN_OBJC_LITERAL_CONVERSION = YES;
				CLANG_WARN_OBJC_ROOT_CLASS = YES_ERROR;
				CLANG_WARN_RANGE_LOOP_ANALYSIS = YES;
				CLANG_WARN_STRICT_PROTOTYPES = YES;
				CLANG_WARN_SUSPICIOUS_MOVE = YES;
				CLANG_WARN_UNGUARDED_AVAILABILITY = YES_AGGRESSIVE;
				CLANG_WARN_UNREACHABLE_CODE = YES;
				CLANG_WARN__DUPLICATE_METHOD_MATCH = YES;
				COPY_PHASE_STRIP = NO;
				DEBUG_INFORMATION_FORMAT = "dwarf-with-dsym";
				ENABLE_NS_ASSERTIONS = NO;
				ENABLE_STRICT_OBJC_MSGSEND = YES;
				GCC_C_LANGUAGE_STANDARD = gnu11;
				GCC_NO_COMMON_BLOCKS = YES;
				GCC_WARN_64_TO_32_BIT_CONVERSION = YES;
				GCC_WARN_ABOUT_RETURN_TYPE = YES_ERROR;
				GCC_WARN_UNDECLARED_SELECTOR = YES;
				GCC_WARN_UNINITIALIZED_AUTOS = YES_AGGRESSIVE;
				GCC_WARN_UNUSED_FUNCTION = YES;
				GCC_WARN_UNUSED_VARIABLE = YES;
				IPHONEOS_DEPLOYMENT_TARGET = 13.1;
				MTL_ENABLE_DEBUG_INFO = NO;
				MTL_FAST_MATH = YES;
				SDKROOT = iphoneos;
				VALIDATE_PRODUCT = YES;
			};
			name = Release;
		};
		31EBDAA82494729000EECBCE /* Debug */ = {
			isa = XCBuildConfiguration;
			buildSettings = {
				ASSETCATALOG_COMPILER_APPICON_NAME = AppIcon;
				CODE_SIGN_STYLE = Automatic;
				ENABLE_HARDENED_RUNTIME = NO;
				GCC_PREFIX_HEADER = "${SRCROOT}/抽屉效果/Complex.pch";
				INFOPLIST_FILE = "抽屉效果/Info.plist";
				LD_RUNPATH_SEARCH_PATHS = (
					"$(inherited)",
					"@executable_path/Frameworks",
				);
				PRODUCT_BUNDLE_IDENTIFIER = "com.jackey.----";
				PRODUCT_NAME = "$(TARGET_NAME)";
				TARGETED_DEVICE_FAMILY = "1,2";
			};
			name = Debug;
		};
		31EBDAA92494729000EECBCE /* Release */ = {
			isa = XCBuildConfiguration;
			buildSettings = {
				ASSETCATALOG_COMPILER_APPICON_NAME = AppIcon;
				CODE_SIGN_STYLE = Automatic;
				ENABLE_HARDENED_RUNTIME = NO;
				GCC_PREFIX_HEADER = "${SRCROOT}/抽屉效果/Complex.pch";
				INFOPLIST_FILE = "抽屉效果/Info.plist";
				LD_RUNPATH_SEARCH_PATHS = (
					"$(inherited)",
					"@executable_path/Frameworks",
				);
				PRODUCT_BUNDLE_IDENTIFIER = "com.jackey.----";
				PRODUCT_NAME = "$(TARGET_NAME)";
				TARGETED_DEVICE_FAMILY = "1,2";
			};
			name = Release;
		};
/* End XCBuildConfiguration section */

/* Begin XCConfigurationList section */
		31EBDA892494728F00EECBCE /* Build configuration list for PBXProject "抽屉效果" */ = {
			isa = XCConfigurationList;
			buildConfigurations = (
				31EBDAA52494729000EECBCE /* Debug */,
				31EBDAA62494729000EECBCE /* Release */,
			);
			defaultConfigurationIsVisible = 0;
			defaultConfigurationName = Release;
		};
		31EBDAA72494729000EECBCE /* Build configuration list for PBXNativeTarget "抽屉效果" */ = {
			isa = XCConfigurationList;
			buildConfigurations = (
				31EBDAA82494729000EECBCE /* Debug */,
				31EBDAA92494729000EECBCE /* Release */,
			);
			defaultConfigurationIsVisible = 0;
			defaultConfigurationName = Release;
		};
/* End XCConfigurationList section */
	};
	rootObject = 31EBDA862494728F00EECBCE /* Project object */;
}
